
Microsoft Visual Studio Solution File, Format Version 12.00
# Visual Studio 15
VisualStudioVersion = 15.0.28010.2036
MinimumVisualStudioVersion = 10.0.40219.1
Project("{8BC9CEB8-8B4A-11D0-8D11-00A0C91BC942}") = "GAME-230-Breakout", "GAME-230-Breakout\GAME-230-Breakout.vcxproj", "{FE992FAE-3947-4B03-A5A7-3F3AA7A70DAD}"
EndProject
Global
	GlobalSection(SolutionConfigurationPlatforms) = preSolution
		Debug|x64 = Debug|x64
		Debug|x86 = Debug|x86
		Release|x64 = Release|x64
		Release|x86 = Release|x86
	EndGlobalSection
	GlobalSection(ProjectConfigurationPlatforms) = postSolution
		{FE992FAE-3947-4B03-A5A7-3F3AA7A70DAD}.Debug|x64.ActiveCfg = Debug|x64
		{FE992FAE-3947-4B03-A5A7-3F3AA7A70DAD}.Debug|x64.Build.0 = Debug|x64
		{FE992FAE-3947-4B03-A5A7-3F3AA7A70DAD}.Debug|x86.ActiveCfg = Debug|Win32
		{FE992FAE-3947-4B03-A5A7-3F3AA7A70DAD}.Debug|x86.Build.0 = Debug|Win32
		{FE992FAE-3947-4B03-A5A7-3F3AA7A70DAD}.Release|x64.ActiveCfg = Release|x64
		{FE992FAE-3947-4B03-A5A7-3F3AA7A70DAD}.Release|x64.Build.0 = Release|x64
		{FE992FAE-3947-4B03-A5A7-3F3AA7A70DAD}.Release|x86.ActiveCfg = Release|Win32
		{FE992FAE-3947-4B03-A5A7-3F3AA7A70DAD}.Release|x86.Build.0 = Release|Win32
	EndGlobalSection
	GlobalSection(SolutionProperties) = preSolution
		HideSolutionNode = FALSE
	EndGlobalSection
	GlobalSection(ExtensibilityGlobals) = postSolution
		SolutionGuid = {2CCD6C65-9CFB-46CB-8212-0CC88A8C65D7}
	EndGlobalSection
EndGlobal
